
Microsoft Visual Studio Solution File, Format Version 12.00
# Visual Studio 15
VisualStudioVersion = 15.0.28307.271
MinimumVisualStudioVersion = 10.0.40219.1
Project("{FAE04EC0-301F-11D3-BF4B-00C04F79EFBC}") = "CylinderCalculator", "CylinderCalculator\CylinderCalculator.csproj", "{8C23477E-E439-472B-A60B-16C5C3690AEF}"
EndProject
Global
	GlobalSection(SolutionConfigurationPlatforms) = preSolution
		Debug|Any CPU = Debug|Any CPU
		Release|Any CPU = Release|Any CPU
	EndGlobalSection
	GlobalSection(ProjectConfigurationPlatforms) = postSolution
		{8C23477E-E439-472B-A60B-16C5C3690AEF}.Debug|Any CPU.ActiveCfg = Debug|Any CPU
		{8C23477E-E439-472B-A60B-16C5C3690AEF}.Debug|Any CPU.Build.0 = Debug|Any CPU
		{8C23477E-E439-472B-A60B-16C5C3690AEF}.Release|Any CPU.ActiveCfg = Release|Any CPU
		{8C23477E-E439-472B-A60B-16C5C3690AEF}.Release|Any CPU.Build.0 = Release|Any CPU
	EndGlobalSection
	GlobalSection(SolutionProperties) = preSolution
		HideSolutionNode = FALSE
	EndGlobalSection
	GlobalSection(ExtensibilityGlobals) = postSolution
		SolutionGuid = {49E375BE-40B1-42EA-A90F-2E9353E1E0BF}
	EndGlobalSection
EndGlobal
